
Microsoft Visual Studio Solution File, Format Version 12.00
# Visual Studio 2013
Project("{FAE04EC0-301F-11D3-BF4B-00C04F79EFBC}") = "Animation-Instancing.CSharp", "Animation-Instancing.CSharp.csproj", "{E3FC3747-F33B-D7D6-7827-E6FEE610BE98}"
EndProject
Project("{FAE04EC0-301F-11D3-BF4B-00C04F79EFBC}") = "Animation-Instancing.CSharp.Editor", "Animation-Instancing.CSharp.Editor.csproj", "{C482E034-3AFF-883D-6955-AEC89D0A973B}"
EndProject
Global
	GlobalSection(SolutionConfigurationPlatforms) = preSolution
		Debug|Any CPU = Debug|Any CPU
		Release|Any CPU = Release|Any CPU
	EndGlobalSection
	GlobalSection(ProjectConfigurationPlatforms) = postSolution
		{E3FC3747-F33B-D7D6-7827-E6FEE610BE98}.Debug|Any CPU.ActiveCfg = Debug|Any CPU
		{E3FC3747-F33B-D7D6-7827-E6FEE610BE98}.Debug|Any CPU.Build.0 = Debug|Any CPU
		{E3FC3747-F33B-D7D6-7827-E6FEE610BE98}.Release|Any CPU.ActiveCfg = Release|Any CPU
		{E3FC3747-F33B-D7D6-7827-E6FEE610BE98}.Release|Any CPU.Build.0 = Release|Any CPU
		{C482E034-3AFF-883D-6955-AEC89D0A973B}.Debug|Any CPU.ActiveCfg = Debug|Any CPU
		{C482E034-3AFF-883D-6955-AEC89D0A973B}.Debug|Any CPU.Build.0 = Debug|Any CPU
		{C482E034-3AFF-883D-6955-AEC89D0A973B}.Release|Any CPU.ActiveCfg = Release|Any CPU
		{C482E034-3AFF-883D-6955-AEC89D0A973B}.Release|Any CPU.Build.0 = Release|Any CPU
	EndGlobalSection
	GlobalSection(SolutionProperties) = preSolution
		HideSolutionNode = FALSE
	EndGlobalSection
EndGlobal
